
Microsoft Visual Studio Solution File, Format Version 12.00
# Visual Studio Version 16
VisualStudioVersion = 16.0.29403.142
MinimumVisualStudioVersion = 10.0.40219.1
Project("{FAE04EC0-301F-11D3-BF4B-00C04F79EFBC}") = "PYF", "PYF\PYF.csproj", "{A4415684-31DF-416F-8A21-CAF22AE7C18D}"
EndProject
Global
	GlobalSection(SolutionConfigurationPlatforms) = preSolution
		Debug|Any CPU = Debug|Any CPU
		Release|Any CPU = Release|Any CPU
	EndGlobalSection
	GlobalSection(ProjectConfigurationPlatforms) = postSolution
		{A4415684-31DF-416F-8A21-CAF22AE7C18D}.Debug|Any CPU.ActiveCfg = Debug|Any CPU
		{A4415684-31DF-416F-8A21-CAF22AE7C18D}.Debug|Any CPU.Build.0 = Debug|Any CPU
		{A4415684-31DF-416F-8A21-CAF22AE7C18D}.Release|Any CPU.ActiveCfg = Release|Any CPU
		{A4415684-31DF-416F-8A21-CAF22AE7C18D}.Release|Any CPU.Build.0 = Release|Any CPU
	EndGlobalSection
	GlobalSection(SolutionProperties) = preSolution
		HideSolutionNode = FALSE
	EndGlobalSection
	GlobalSection(ExtensibilityGlobals) = postSolution
		SolutionGuid = {3E9B1BFB-D4DC-4B94-A817-6F81A2678BD9}
	EndGlobalSection
EndGlobal
