
Microsoft Visual Studio Solution File, Format Version 12.00
# Visual Studio Version 16
VisualStudioVersion = 16.0.29403.142
MinimumVisualStudioVersion = 10.0.40219.1
Project("{FAE04EC0-301F-11D3-BF4B-00C04F79EFBC}") = "Template1", "Template1\Template1.csproj", "{A37DE0F1-399B-4AFF-8FF2-74396FBA290C}"
EndProject
Global
	GlobalSection(SolutionConfigurationPlatforms) = preSolution
		Debug|Any CPU = Debug|Any CPU
		Release|Any CPU = Release|Any CPU
	EndGlobalSection
	GlobalSection(ProjectConfigurationPlatforms) = postSolution
		{A37DE0F1-399B-4AFF-8FF2-74396FBA290C}.Debug|Any CPU.ActiveCfg = Debug|Any CPU
		{A37DE0F1-399B-4AFF-8FF2-74396FBA290C}.Debug|Any CPU.Build.0 = Debug|Any CPU
		{A37DE0F1-399B-4AFF-8FF2-74396FBA290C}.Release|Any CPU.ActiveCfg = Release|Any CPU
		{A37DE0F1-399B-4AFF-8FF2-74396FBA290C}.Release|Any CPU.Build.0 = Release|Any CPU
	EndGlobalSection
	GlobalSection(SolutionProperties) = preSolution
		HideSolutionNode = FALSE
	EndGlobalSection
	GlobalSection(ExtensibilityGlobals) = postSolution
		SolutionGuid = {154A102D-721F-440F-BF75-75F2C32F673C}
	EndGlobalSection
EndGlobal
